// !$*UTF8*$!
{
	archiveVersion = 1;
	classes = {
	};
	objectVersion = 51;
	objects = {

/* Begin PBXBuildFile section */
		132711FE25ADA0C300F5FA9B /* AppConst.m in Sources */ = {isa = PBXBuildFile; fileRef = 132711FD25ADA0C300F5FA9B /* AppConst.m */; };
		133AEE3425A5B88700B144CF /* text2audio.wav in Resources */ = {isa = PBXBuildFile; fileRef = 133AEE3325A5B88700B144CF /* text2audio.wav */; };
		133AEE3925A5BB6E00B144CF /* CLSoundTools.m in Sources */ = {isa = PBXBuildFile; fileRef = 133AEE3825A5BB6E00B144CF /* CLSoundTools.m */; };
		133AEE3D25A5BBE500B144CF /* CLPermissionsTools.m in Sources */ = {isa = PBXBuildFile; fileRef = 133AEE3C25A5BBE500B144CF /* CLPermissionsTools.m */; };
		1358F95E25A7F59200B83500 /* CLShareTools.m in Sources */ = {isa = PBXBuildFile; fileRef = 1358F95D25A7F59200B83500 /* CLShareTools.m */; };
		1367DA3D2574E74100A8C8F9 /* AppDelegate.m in Sources */ = {isa = PBXBuildFile; fileRef = 1367DA3C2574E74100A8C8F9 /* AppDelegate.m */; };
		1367DA482574E74300A8C8F9 /* Assets.xcassets in Resources */ = {isa = PBXBuildFile; fileRef = 1367DA472574E74300A8C8F9 /* Assets.xcassets */; };
		1367DA4E2574E74300A8C8F9 /* main.m in Sources */ = {isa = PBXBuildFile; fileRef = 1367DA4D2574E74300A8C8F9 /* main.m */; };
		1367DA6D2574EDD500A8C8F9 /* AppDelegate+Config.m in Sources */ = {isa = PBXBuildFile; fileRef = 1367DA6C2574EDD500A8C8F9 /* AppDelegate+Config.m */; };
		1368B9E925AECBAF00BD2DA0 /* AppDelegate+PushConfig.m in Sources */ = {isa = PBXBuildFile; fileRef = 1368B9E825AECBAF00BD2DA0 /* AppDelegate+PushConfig.m */; };
		13763BDD258719A8007640D2 /* LoginViewController.m in Sources */ = {isa = PBXBuildFile; fileRef = 13763BDC258719A8007640D2 /* LoginViewController.m */; };
		13763BE025871AA9007640D2 /* Launch Screen.storyboard in Resources */ = {isa = PBXBuildFile; fileRef = 13763BDF25871AA9007640D2 /* Launch Screen.storyboard */; };
		138A7F6625A41469001D4730 /* UIView+cl_Screenshot.m in Sources */ = {isa = PBXBuildFile; fileRef = 138A7F6525A41469001D4730 /* UIView+cl_Screenshot.m */; };
		138A7F6A25A415A7001D4730 /* UIView+cl_Find.m in Sources */ = {isa = PBXBuildFile; fileRef = 138A7F6925A415A7001D4730 /* UIView+cl_Find.m */; };
		138A7F6E25A41772001D4730 /* UIView+cl_Animation.m in Sources */ = {isa = PBXBuildFile; fileRef = 138A7F6D25A41772001D4730 /* UIView+cl_Animation.m */; };
		138A7F9425A461E7001D4730 /* UIScrollView+cl_Category.m in Sources */ = {isa = PBXBuildFile; fileRef = 138A7F9325A461E7001D4730 /* UIScrollView+cl_Category.m */; };
		138A7F9C25A465A6001D4730 /* UITableView+cl_Category.m in Sources */ = {isa = PBXBuildFile; fileRef = 138A7F9B25A465A6001D4730 /* UITableView+cl_Category.m */; };
		138A7FA925A46E22001D4730 /* UIBarButtonItem+cl_Category.m in Sources */ = {isa = PBXBuildFile; fileRef = 138A7FA825A46E22001D4730 /* UIBarButtonItem+cl_Category.m */; };
		1390A58B25874DA000DC6816 /* LoginView.m in Sources */ = {isa = PBXBuildFile; fileRef = 1390A58A25874DA000DC6816 /* LoginView.m */; };
		13A7E2E1259C58B100949FD3 /* NSMutableAttributedString+CLKit.m in Sources */ = {isa = PBXBuildFile; fileRef = 13A7E2E0259C58B100949FD3 /* NSMutableAttributedString+CLKit.m */; };
		13A7E2E6259C5FC000949FD3 /* NSString+NSNumber.m in Sources */ = {isa = PBXBuildFile; fileRef = 13A7E2E5259C5FC000949FD3 /* NSString+NSNumber.m */; };
		13A7E2EA259C680200949FD3 /* NSString+NSRange.m in Sources */ = {isa = PBXBuildFile; fileRef = 13A7E2E9259C680200949FD3 /* NSString+NSRange.m */; };
		13A7E2EE259C68F100949FD3 /* NSString+Regular.m in Sources */ = {isa = PBXBuildFile; fileRef = 13A7E2ED259C68F100949FD3 /* NSString+Regular.m */; };
		13A7E2F2259C72B500949FD3 /* NSString+CGSize.m in Sources */ = {isa = PBXBuildFile; fileRef = 13A7E2F1259C72B500949FD3 /* NSString+CGSize.m */; };
		13A7E2F6259C756100949FD3 /* NSString+TransForm.m in Sources */ = {isa = PBXBuildFile; fileRef = 13A7E2F5259C756100949FD3 /* NSString+TransForm.m */; };
		13A7E2FA259C774700949FD3 /* NSString+Encryption.m in Sources */ = {isa = PBXBuildFile; fileRef = 13A7E2F9259C774700949FD3 /* NSString+Encryption.m */; };
		13A7E2FE259C7B2D00949FD3 /* NSString+FileManager.m in Sources */ = {isa = PBXBuildFile; fileRef = 13A7E2FD259C7B2D00949FD3 /* NSString+FileManager.m */; };
		13A9603B25B03719006AA3A4 /* MYTabbarViewController.m in Sources */ = {isa = PBXBuildFile; fileRef = 13A9603A25B03719006AA3A4 /* MYTabbarViewController.m */; };
		13A9604525B04068006AA3A4 /* MYNavigationController.m in Sources */ = {isa = PBXBuildFile; fileRef = 13A9604425B04068006AA3A4 /* MYNavigationController.m */; };
		13A9604E25B04164006AA3A4 /* MYFindViewController.m in Sources */ = {isa = PBXBuildFile; fileRef = 13A9604D25B04164006AA3A4 /* MYFindViewController.m */; };
		13A9605325B04170006AA3A4 /* MYHomePageViewController.m in Sources */ = {isa = PBXBuildFile; fileRef = 13A9605225B04170006AA3A4 /* MYHomePageViewController.m */; };
		13A9605725B0417A006AA3A4 /* MYLiveViewController.m in Sources */ = {isa = PBXBuildFile; fileRef = 13A9605625B0417A006AA3A4 /* MYLiveViewController.m */; };
		13A9605B25B04184006AA3A4 /* MYMeViewController.m in Sources */ = {isa = PBXBuildFile; fileRef = 13A9605A25B04184006AA3A4 /* MYMeViewController.m */; };
		13A9605F25B0418D006AA3A4 /* MYMessageViewController.m in Sources */ = {isa = PBXBuildFile; fileRef = 13A9605E25B0418D006AA3A4 /* MYMessageViewController.m */; };
		13B270CB25AC37D500FA7CAB /* UIImage+cl_Size.m in Sources */ = {isa = PBXBuildFile; fileRef = 13B270CA25AC37D500FA7CAB /* UIImage+cl_Size.m */; };
		13B270D025AC390D00FA7CAB /* UIImage+cl_Gif.m in Sources */ = {isa = PBXBuildFile; fileRef = 13B270CF25AC390D00FA7CAB /* UIImage+cl_Gif.m */; };
		13B270D525AC394A00FA7CAB /* UIImage+cl_Color.m in Sources */ = {isa = PBXBuildFile; fileRef = 13B270D425AC394A00FA7CAB /* UIImage+cl_Color.m */; };
		13B270DA25AC398800FA7CAB /* UIImage+cl_Round.m in Sources */ = {isa = PBXBuildFile; fileRef = 13B270D925AC398800FA7CAB /* UIImage+cl_Round.m */; };
		13B270DF25AC3A4900FA7CAB /* UIImage+cl_Editor.m in Sources */ = {isa = PBXBuildFile; fileRef = 13B270DE25AC3A4900FA7CAB /* UIImage+cl_Editor.m */; };
		13B270E425AC3B9900FA7CAB /* UILabel+cl_Create.m in Sources */ = {isa = PBXBuildFile; fileRef = 13B270E325AC3B9900FA7CAB /* UILabel+cl_Create.m */; };
		13C2D4E825A2F0F9004DF9E5 /* NSString+MimeType.m in Sources */ = {isa = PBXBuildFile; fileRef = 13C2D4E725A2F0F9004DF9E5 /* NSString+MimeType.m */; };
		13C2D4EC25A2F217004DF9E5 /* NSString+Judge.m in Sources */ = {isa = PBXBuildFile; fileRef = 13C2D4EB25A2F217004DF9E5 /* NSString+Judge.m */; };
		13C2D50E25A31853004DF9E5 /* UIView+cl_Frame.m in Sources */ = {isa = PBXBuildFile; fileRef = 13C2D50D25A31852004DF9E5 /* UIView+cl_Frame.m */; };
		13C2D51525A31B51004DF9E5 /* UIView+cl_Action.m in Sources */ = {isa = PBXBuildFile; fileRef = 13C2D51425A31B51004DF9E5 /* UIView+cl_Action.m */; };
		13C2D51925A31D4E004DF9E5 /* UIView+cl_style.m in Sources */ = {isa = PBXBuildFile; fileRef = 13C2D51825A31D4E004DF9E5 /* UIView+cl_style.m */; };
		13C43EA525A85E1900178795 /* NSData+CL_APNSToken.m in Sources */ = {isa = PBXBuildFile; fileRef = 13C43EA425A85E1900178795 /* NSData+CL_APNSToken.m */; };
		13C43EAA25A85E6F00178795 /* NSArray+CL_SafeOperate.m in Sources */ = {isa = PBXBuildFile; fileRef = 13C43EA925A85E6F00178795 /* NSArray+CL_SafeOperate.m */; };
		13C43EAF25A85EE800178795 /* NSArray+CL_Log.m in Sources */ = {isa = PBXBuildFile; fileRef = 13C43EAE25A85EE800178795 /* NSArray+CL_Log.m */; };
		13C43EBE25A8620E00178795 /* NSDate+cl_Date.m in Sources */ = {isa = PBXBuildFile; fileRef = 13C43EBD25A8620E00178795 /* NSDate+cl_Date.m */; };
		13C43EC325A862B800178795 /* NSDictionary+cl_SafeOperate.m in Sources */ = {isa = PBXBuildFile; fileRef = 13C43EC225A862B800178795 /* NSDictionary+cl_SafeOperate.m */; };
		13C43EC825A8631C00178795 /* NSDictionary+cl_Log.m in Sources */ = {isa = PBXBuildFile; fileRef = 13C43EC725A8631C00178795 /* NSDictionary+cl_Log.m */; };
		13C43ECD25A8635300178795 /* NSDictionary+cl_Merge.m in Sources */ = {isa = PBXBuildFile; fileRef = 13C43ECC25A8635300178795 /* NSDictionary+cl_Merge.m */; };
		13C43ED225A8639B00178795 /* NSDictionary+cl_URL.m in Sources */ = {isa = PBXBuildFile; fileRef = 13C43ED125A8639B00178795 /* NSDictionary+cl_URL.m */; };
		13C43ED625A863CC00178795 /* NSDictionary+cl_XML.m in Sources */ = {isa = PBXBuildFile; fileRef = 13C43ED525A863CC00178795 /* NSDictionary+cl_XML.m */; };
		13C43EDB25A8642900178795 /* NSIndexPath+cl_Category.m in Sources */ = {isa = PBXBuildFile; fileRef = 13C43EDA25A8642900178795 /* NSIndexPath+cl_Category.m */; };
		13C43EE025A865E200178795 /* NSObject+cl_Category.m in Sources */ = {isa = PBXBuildFile; fileRef = 13C43EDF25A865E200178795 /* NSObject+cl_Category.m */; };
		13C43EE525A866E600178795 /* NSObject+cl_SystemService.m in Sources */ = {isa = PBXBuildFile; fileRef = 13C43EE425A866E600178795 /* NSObject+cl_SystemService.m */; };
		13F3147925AC316A004B5355 /* UIButton+cl_Action.m in Sources */ = {isa = PBXBuildFile; fileRef = 13F3147825AC316A004B5355 /* UIButton+cl_Action.m */; };
		13F3147E25AC31DC004B5355 /* UIButton+cl_Create.m in Sources */ = {isa = PBXBuildFile; fileRef = 13F3147D25AC31DC004B5355 /* UIButton+cl_Create.m */; };
		13F3148325AC3224004B5355 /* UIButton+cl_ImagePostion.m in Sources */ = {isa = PBXBuildFile; fileRef = 13F3148225AC3224004B5355 /* UIButton+cl_ImagePostion.m */; };
		9104F33B70E23C5A5A6847C6 /* Pods_MiYu.framework in Frameworks */ = {isa = PBXBuildFile; fileRef = 692BF5834DEFC99DB707FB6C /* Pods_MiYu.framework */; };
/* End PBXBuildFile section */

/* Begin PBXFileReference section */
		130C5FFD25A8494F0022918B /* CLToolsFiles.h */ = {isa = PBXFileReference; lastKnownFileType = sourcecode.c.h; path = CLToolsFiles.h; sourceTree = "<group>"; };
		132711FC25ADA0C300F5FA9B /* AppConst.h */ = {isa = PBXFileReference; lastKnownFileType = sourcecode.c.h; path = AppConst.h; sourceTree = "<group>"; };
		132711FD25ADA0C300F5FA9B /* AppConst.m */ = {isa = PBXFileReference; lastKnownFileType = sourcecode.c.objc; path = AppConst.m; sourceTree = "<group>"; };
		133AEE1D25A5969700B144CF /* CLKitUtilsMacroFiles.h */ = {isa = PBXFileReference; lastKnownFileType = sourcecode.c.h; path = CLKitUtilsMacroFiles.h; sourceTree = "<group>"; };
		133AEE3325A5B88700B144CF /* text2audio.wav */ = {isa = PBXFileReference; lastKnownFileType = audio.wav; path = text2audio.wav; sourceTree = "<group>"; };
		133AEE3725A5BB6E00B144CF /* CLSoundTools.h */ = {isa = PBXFileReference; lastKnownFileType = sourcecode.c.h; path = CLSoundTools.h; sourceTree = "<group>"; };
		133AEE3825A5BB6E00B144CF /* CLSoundTools.m */ = {isa = PBXFileReference; lastKnownFileType = sourcecode.c.objc; path = CLSoundTools.m; sourceTree = "<group>"; };
		133AEE3B25A5BBE500B144CF /* CLPermissionsTools.h */ = {isa = PBXFileReference; lastKnownFileType = sourcecode.c.h; path = CLPermissionsTools.h; sourceTree = "<group>"; };
		133AEE3C25A5BBE500B144CF /* CLPermissionsTools.m */ = {isa = PBXFileReference; lastKnownFileType = sourcecode.c.objc; path = CLPermissionsTools.m; sourceTree = "<group>"; };
		1358F95C25A7F59200B83500 /* CLShareTools.h */ = {isa = PBXFileReference; lastKnownFileType = sourcecode.c.h; path = CLShareTools.h; sourceTree = "<group>"; };
		1358F95D25A7F59200B83500 /* CLShareTools.m */ = {isa = PBXFileReference; lastKnownFileType = sourcecode.c.objc; path = CLShareTools.m; sourceTree = "<group>"; };
		1367DA382574E74100A8C8F9 /* MiYu.app */ = {isa = PBXFileReference; explicitFileType = wrapper.application; includeInIndex = 0; path = MiYu.app; sourceTree = BUILT_PRODUCTS_DIR; };
		1367DA3B2574E74100A8C8F9 /* AppDelegate.h */ = {isa = PBXFileReference; lastKnownFileType = sourcecode.c.h; path = AppDelegate.h; sourceTree = "<group>"; };
		1367DA3C2574E74100A8C8F9 /* AppDelegate.m */ = {isa = PBXFileReference; lastKnownFileType = sourcecode.c.objc; path = AppDelegate.m; sourceTree = "<group>"; };
		1367DA472574E74300A8C8F9 /* Assets.xcassets */ = {isa = PBXFileReference; lastKnownFileType = folder.assetcatalog; path = Assets.xcassets; sourceTree = "<group>"; };
		1367DA4C2574E74300A8C8F9 /* Info.plist */ = {isa = PBXFileReference; lastKnownFileType = text.plist.xml; path = Info.plist; sourceTree = "<group>"; };
		1367DA4D2574E74300A8C8F9 /* main.m */ = {isa = PBXFileReference; lastKnownFileType = sourcecode.c.objc; path = main.m; sourceTree = "<group>"; };
		1367DA6B2574EDD500A8C8F9 /* AppDelegate+Config.h */ = {isa = PBXFileReference; lastKnownFileType = sourcecode.c.h; path = "AppDelegate+Config.h"; sourceTree = "<group>"; };
		1367DA6C2574EDD500A8C8F9 /* AppDelegate+Config.m */ = {isa = PBXFileReference; lastKnownFileType = sourcecode.c.objc; path = "AppDelegate+Config.m"; sourceTree = "<group>"; };
		1368B9E725AECBAF00BD2DA0 /* AppDelegate+PushConfig.h */ = {isa = PBXFileReference; lastKnownFileType = sourcecode.c.h; path = "AppDelegate+PushConfig.h"; sourceTree = "<group>"; };
		1368B9E825AECBAF00BD2DA0 /* AppDelegate+PushConfig.m */ = {isa = PBXFileReference; lastKnownFileType = sourcecode.c.objc; path = "AppDelegate+PushConfig.m"; sourceTree = "<group>"; };
		1368BA1625AED6A300BD2DA0 /* MiYu.entitlements */ = {isa = PBXFileReference; lastKnownFileType = text.plist.entitlements; path = MiYu.entitlements; sourceTree = "<group>"; };
		137388A9259B2D0900FEDC27 /* CLKitSingleton.h */ = {isa = PBXFileReference; lastKnownFileType = sourcecode.c.h; path = CLKitSingleton.h; sourceTree = "<group>"; };
		13763B7D258713FD007640D2 /* PrefixHeader.pch */ = {isa = PBXFileReference; lastKnownFileType = sourcecode.c.h; path = PrefixHeader.pch; sourceTree = "<group>"; };
		13763BDB258719A8007640D2 /* LoginViewController.h */ = {isa = PBXFileReference; lastKnownFileType = sourcecode.c.h; path = LoginViewController.h; sourceTree = "<group>"; };
		13763BDC258719A8007640D2 /* LoginViewController.m */ = {isa = PBXFileReference; lastKnownFileType = sourcecode.c.objc; path = LoginViewController.m; sourceTree = "<group>"; };
		13763BDF25871AA9007640D2 /* Launch Screen.storyboard */ = {isa = PBXFileReference; lastKnownFileType = file.storyboard; path = "Launch Screen.storyboard"; sourceTree = "<group>"; };
		138A7F6425A41469001D4730 /* UIView+cl_Screenshot.h */ = {isa = PBXFileReference; lastKnownFileType = sourcecode.c.h; path = "UIView+cl_Screenshot.h"; sourceTree = "<group>"; };
		138A7F6525A41469001D4730 /* UIView+cl_Screenshot.m */ = {isa = PBXFileReference; lastKnownFileType = sourcecode.c.objc; path = "UIView+cl_Screenshot.m"; sourceTree = "<group>"; };
		138A7F6825A415A7001D4730 /* UIView+cl_Find.h */ = {isa = PBXFileReference; lastKnownFileType = sourcecode.c.h; path = "UIView+cl_Find.h"; sourceTree = "<group>"; };
		138A7F6925A415A7001D4730 /* UIView+cl_Find.m */ = {isa = PBXFileReference; lastKnownFileType = sourcecode.c.objc; path = "UIView+cl_Find.m"; sourceTree = "<group>"; };
		138A7F6C25A41772001D4730 /* UIView+cl_Animation.h */ = {isa = PBXFileReference; lastKnownFileType = sourcecode.c.h; path = "UIView+cl_Animation.h"; sourceTree = "<group>"; };
		138A7F6D25A41772001D4730 /* UIView+cl_Animation.m */ = {isa = PBXFileReference; lastKnownFileType = sourcecode.c.objc; path = "UIView+cl_Animation.m"; sourceTree = "<group>"; };
		138A7F7125A42461001D4730 /* CLKitViewHeaderFile.h */ = {isa = PBXFileReference; lastKnownFileType = sourcecode.c.h; path = CLKitViewHeaderFile.h; sourceTree = "<group>"; };
		138A7F7225A43926001D4730 /* CLKitButtonHeaderFile.h */ = {isa = PBXFileReference; lastKnownFileType = sourcecode.c.h; path = CLKitButtonHeaderFile.h; sourceTree = "<group>"; };
		138A7F7725A43DAD001D4730 /* CLKitImageHeaderFile.h */ = {isa = PBXFileReference; lastKnownFileType = sourcecode.c.h; path = CLKitImageHeaderFile.h; sourceTree = "<group>"; };
		138A7F9225A461E7001D4730 /* UIScrollView+cl_Category.h */ = {isa = PBXFileReference; lastKnownFileType = sourcecode.c.h; path = "UIScrollView+cl_Category.h"; sourceTree = "<group>"; };
		138A7F9325A461E7001D4730 /* UIScrollView+cl_Category.m */ = {isa = PBXFileReference; lastKnownFileType = sourcecode.c.objc; path = "UIScrollView+cl_Category.m"; sourceTree = "<group>"; };
		138A7F9A25A465A6001D4730 /* UITableView+cl_Category.h */ = {isa = PBXFileReference; lastKnownFileType = sourcecode.c.h; path = "UITableView+cl_Category.h"; sourceTree = "<group>"; };
		138A7F9B25A465A6001D4730 /* UITableView+cl_Category.m */ = {isa = PBXFileReference; lastKnownFileType = sourcecode.c.objc; path = "UITableView+cl_Category.m"; sourceTree = "<group>"; };
		138A7FA725A46E22001D4730 /* UIBarButtonItem+cl_Category.h */ = {isa = PBXFileReference; lastKnownFileType = sourcecode.c.h; path = "UIBarButtonItem+cl_Category.h"; sourceTree = "<group>"; };
		138A7FA825A46E22001D4730 /* UIBarButtonItem+cl_Category.m */ = {isa = PBXFileReference; lastKnownFileType = sourcecode.c.objc; path = "UIBarButtonItem+cl_Category.m"; sourceTree = "<group>"; };
		1390A58925874DA000DC6816 /* LoginView.h */ = {isa = PBXFileReference; lastKnownFileType = sourcecode.c.h; path = LoginView.h; sourceTree = "<group>"; };
		1390A58A25874DA000DC6816 /* LoginView.m */ = {isa = PBXFileReference; lastKnownFileType = sourcecode.c.objc; path = LoginView.m; sourceTree = "<group>"; };
		13A7E2D8259C1E0500949FD3 /* CLKitHeaderFile.h */ = {isa = PBXFileReference; lastKnownFileType = sourcecode.c.h; path = CLKitHeaderFile.h; sourceTree = "<group>"; };
		13A7E2DF259C58B100949FD3 /* NSMutableAttributedString+CLKit.h */ = {isa = PBXFileReference; lastKnownFileType = sourcecode.c.h; path = "NSMutableAttributedString+CLKit.h"; sourceTree = "<group>"; };
		13A7E2E0259C58B100949FD3 /* NSMutableAttributedString+CLKit.m */ = {isa = PBXFileReference; lastKnownFileType = sourcecode.c.objc; path = "NSMutableAttributedString+CLKit.m"; sourceTree = "<group>"; };
		13A7E2E4259C5FC000949FD3 /* NSString+NSNumber.h */ = {isa = PBXFileReference; lastKnownFileType = sourcecode.c.h; path = "NSString+NSNumber.h"; sourceTree = "<group>"; };
		13A7E2E5259C5FC000949FD3 /* NSString+NSNumber.m */ = {isa = PBXFileReference; lastKnownFileType = sourcecode.c.objc; path = "NSString+NSNumber.m"; sourceTree = "<group>"; };
		13A7E2E8259C680200949FD3 /* NSString+NSRange.h */ = {isa = PBXFileReference; lastKnownFileType = sourcecode.c.h; path = "NSString+NSRange.h"; sourceTree = "<group>"; };
		13A7E2E9259C680200949FD3 /* NSString+NSRange.m */ = {isa = PBXFileReference; lastKnownFileType = sourcecode.c.objc; path = "NSString+NSRange.m"; sourceTree = "<group>"; };
		13A7E2EC259C68F100949FD3 /* NSString+Regular.h */ = {isa = PBXFileReference; lastKnownFileType = sourcecode.c.h; path = "NSString+Regular.h"; sourceTree = "<group>"; };
		13A7E2ED259C68F100949FD3 /* NSString+Regular.m */ = {isa = PBXFileReference; lastKnownFileType = sourcecode.c.objc; path = "NSString+Regular.m"; sourceTree = "<group>"; };
		13A7E2F0259C72B500949FD3 /* NSString+CGSize.h */ = {isa = PBXFileReference; lastKnownFileType = sourcecode.c.h; path = "NSString+CGSize.h"; sourceTree = "<group>"; };
		13A7E2F1259C72B500949FD3 /* NSString+CGSize.m */ = {isa = PBXFileReference; lastKnownFileType = sourcecode.c.objc; path = "NSString+CGSize.m"; sourceTree = "<group>"; };
		13A7E2F4259C756100949FD3 /* NSString+TransForm.h */ = {isa = PBXFileReference; lastKnownFileType = sourcecode.c.h; path = "NSString+TransForm.h"; sourceTree = "<group>"; };
		13A7E2F5259C756100949FD3 /* NSString+TransForm.m */ = {isa = PBXFileReference; lastKnownFileType = sourcecode.c.objc; path = "NSString+TransForm.m"; sourceTree = "<group>"; };
		13A7E2F8259C774700949FD3 /* NSString+Encryption.h */ = {isa = PBXFileReference; lastKnownFileType = sourcecode.c.h; path = "NSString+Encryption.h"; sourceTree = "<group>"; };
		13A7E2F9259C774700949FD3 /* NSString+Encryption.m */ = {isa = PBXFileReference; lastKnownFileType = sourcecode.c.objc; path = "NSString+Encryption.m"; sourceTree = "<group>"; };
		13A7E2FC259C7B2D00949FD3 /* NSString+FileManager.h */ = {isa = PBXFileReference; lastKnownFileType = sourcecode.c.h; path = "NSString+FileManager.h"; sourceTree = "<group>"; };
		13A7E2FD259C7B2D00949FD3 /* NSString+FileManager.m */ = {isa = PBXFileReference; lastKnownFileType = sourcecode.c.objc; path = "NSString+FileManager.m"; sourceTree = "<group>"; };
		13A7E30B259C82C000949FD3 /* CLKitFoundation.h */ = {isa = PBXFileReference; lastKnownFileType = sourcecode.c.h; path = CLKitFoundation.h; sourceTree = "<group>"; };
		13A9603925B03719006AA3A4 /* MYTabbarViewController.h */ = {isa = PBXFileReference; lastKnownFileType = sourcecode.c.h; path = MYTabbarViewController.h; sourceTree = "<group>"; };
		13A9603A25B03719006AA3A4 /* MYTabbarViewController.m */ = {isa = PBXFileReference; lastKnownFileType = sourcecode.c.objc; path = MYTabbarViewController.m; sourceTree = "<group>"; };
		13A9604325B04068006AA3A4 /* MYNavigationController.h */ = {isa = PBXFileReference; lastKnownFileType = sourcecode.c.h; path = MYNavigationController.h; sourceTree = "<group>"; };
		13A9604425B04068006AA3A4 /* MYNavigationController.m */ = {isa = PBXFileReference; lastKnownFileType = sourcecode.c.objc; path = MYNavigationController.m; sourceTree = "<group>"; };
		13A9604C25B04164006AA3A4 /* MYFindViewController.h */ = {isa = PBXFileReference; lastKnownFileType = sourcecode.c.h; path = MYFindViewController.h; sourceTree = "<group>"; };
		13A9604D25B04164006AA3A4 /* MYFindViewController.m */ = {isa = PBXFileReference; lastKnownFileType = sourcecode.c.objc; path = MYFindViewController.m; sourceTree = "<group>"; };
		13A9605125B04170006AA3A4 /* MYHomePageViewController.h */ = {isa = PBXFileReference; lastKnownFileType = sourcecode.c.h; path = MYHomePageViewController.h; sourceTree = "<group>"; };
		13A9605225B04170006AA3A4 /* MYHomePageViewController.m */ = {isa = PBXFileReference; lastKnownFileType = sourcecode.c.objc; path = MYHomePageViewController.m; sourceTree = "<group>"; };
		13A9605525B0417A006AA3A4 /* MYLiveViewController.h */ = {isa = PBXFileReference; lastKnownFileType = sourcecode.c.h; path = MYLiveViewController.h; sourceTree = "<group>"; };
		13A9605625B0417A006AA3A4 /* MYLiveViewController.m */ = {isa = PBXFileReference; lastKnownFileType = sourcecode.c.objc; path = MYLiveViewController.m; sourceTree = "<group>"; };
		13A9605925B04184006AA3A4 /* MYMeViewController.h */ = {isa = PBXFileReference; lastKnownFileType = sourcecode.c.h; path = MYMeViewController.h; sourceTree = "<group>"; };
		13A9605A25B04184006AA3A4 /* MYMeViewController.m */ = {isa = PBXFileReference; lastKnownFileType = sourcecode.c.objc; path = MYMeViewController.m; sourceTree = "<group>"; };
		13A9605D25B0418D006AA3A4 /* MYMessageViewController.h */ = {isa = PBXFileReference; lastKnownFileType = sourcecode.c.h; path = MYMessageViewController.h; sourceTree = "<group>"; };
		13A9605E25B0418D006AA3A4 /* MYMessageViewController.m */ = {isa = PBXFileReference; lastKnownFileType = sourcecode.c.objc; path = MYMessageViewController.m; sourceTree = "<group>"; };
		13B270C925AC37D500FA7CAB /* UIImage+cl_Size.h */ = {isa = PBXFileReference; lastKnownFileType = sourcecode.c.h; path = "UIImage+cl_Size.h"; sourceTree = "<group>"; };
		13B270CA25AC37D500FA7CAB /* UIImage+cl_Size.m */ = {isa = PBXFileReference; lastKnownFileType = sourcecode.c.objc; path = "UIImage+cl_Size.m"; sourceTree = "<group>"; };
		13B270CE25AC390D00FA7CAB /* UIImage+cl_Gif.h */ = {isa = PBXFileReference; lastKnownFileType = sourcecode.c.h; path = "UIImage+cl_Gif.h"; sourceTree = "<group>"; };
		13B270CF25AC390D00FA7CAB /* UIImage+cl_Gif.m */ = {isa = PBXFileReference; lastKnownFileType = sourcecode.c.objc; path = "UIImage+cl_Gif.m"; sourceTree = "<group>"; };
		13B270D325AC394A00FA7CAB /* UIImage+cl_Color.h */ = {isa = PBXFileReference; lastKnownFileType = sourcecode.c.h; path = "UIImage+cl_Color.h"; sourceTree = "<group>"; };
		13B270D425AC394A00FA7CAB /* UIImage+cl_Color.m */ = {isa = PBXFileReference; lastKnownFileType = sourcecode.c.objc; path = "UIImage+cl_Color.m"; sourceTree = "<group>"; };
		13B270D825AC398800FA7CAB /* UIImage+cl_Round.h */ = {isa = PBXFileReference; lastKnownFileType = sourcecode.c.h; path = "UIImage+cl_Round.h"; sourceTree = "<group>"; };
		13B270D925AC398800FA7CAB /* UIImage+cl_Round.m */ = {isa = PBXFileReference; lastKnownFileType = sourcecode.c.objc; path = "UIImage+cl_Round.m"; sourceTree = "<group>"; };
		13B270DD25AC3A4900FA7CAB /* UIImage+cl_Editor.h */ = {isa = PBXFileReference; lastKnownFileType = sourcecode.c.h; path = "UIImage+cl_Editor.h"; sourceTree = "<group>"; };
		13B270DE25AC3A4900FA7CAB /* UIImage+cl_Editor.m */ = {isa = PBXFileReference; lastKnownFileType = sourcecode.c.objc; path = "UIImage+cl_Editor.m"; sourceTree = "<group>"; };
		13B270E225AC3B9900FA7CAB /* UILabel+cl_Create.h */ = {isa = PBXFileReference; lastKnownFileType = sourcecode.c.h; path = "UILabel+cl_Create.h"; sourceTree = "<group>"; };
		13B270E325AC3B9900FA7CAB /* UILabel+cl_Create.m */ = {isa = PBXFileReference; lastKnownFileType = sourcecode.c.objc; path = "UILabel+cl_Create.m"; sourceTree = "<group>"; };
		13C2D4E625A2F0F9004DF9E5 /* NSString+MimeType.h */ = {isa = PBXFileReference; lastKnownFileType = sourcecode.c.h; path = "NSString+MimeType.h"; sourceTree = "<group>"; };
		13C2D4E725A2F0F9004DF9E5 /* NSString+MimeType.m */ = {isa = PBXFileReference; lastKnownFileType = sourcecode.c.objc; path = "NSString+MimeType.m"; sourceTree = "<group>"; };
		13C2D4EA25A2F217004DF9E5 /* NSString+Judge.h */ = {isa = PBXFileReference; lastKnownFileType = sourcecode.c.h; path = "NSString+Judge.h"; sourceTree = "<group>"; };
		13C2D4EB25A2F217004DF9E5 /* NSString+Judge.m */ = {isa = PBXFileReference; lastKnownFileType = sourcecode.c.objc; path = "NSString+Judge.m"; sourceTree = "<group>"; };
		13C2D4F825A302C9004DF9E5 /* CLKit_UIKit.h */ = {isa = PBXFileReference; lastKnownFileType = sourcecode.c.h; path = CLKit_UIKit.h; sourceTree = "<group>"; };
		13C2D4F925A30390004DF9E5 /* CLKitConst.h */ = {isa = PBXFileReference; lastKnownFileType = sourcecode.c.h; path = CLKitConst.h; sourceTree = "<group>"; };
		13C2D50C25A31852004DF9E5 /* UIView+cl_Frame.h */ = {isa = PBXFileReference; lastKnownFileType = sourcecode.c.h; path = "UIView+cl_Frame.h"; sourceTree = "<group>"; };
		13C2D50D25A31852004DF9E5 /* UIView+cl_Frame.m */ = {isa = PBXFileReference; lastKnownFileType = sourcecode.c.objc; path = "UIView+cl_Frame.m"; sourceTree = "<group>"; };
		13C2D51325A31B51004DF9E5 /* UIView+cl_Action.h */ = {isa = PBXFileReference; lastKnownFileType = sourcecode.c.h; path = "UIView+cl_Action.h"; sourceTree = "<group>"; };
		13C2D51425A31B51004DF9E5 /* UIView+cl_Action.m */ = {isa = PBXFileReference; lastKnownFileType = sourcecode.c.objc; path = "UIView+cl_Action.m"; sourceTree = "<group>"; };
		13C2D51725A31D4E004DF9E5 /* UIView+cl_style.h */ = {isa = PBXFileReference; lastKnownFileType = sourcecode.c.h; path = "UIView+cl_style.h"; sourceTree = "<group>"; };
		13C2D51825A31D4E004DF9E5 /* UIView+cl_style.m */ = {isa = PBXFileReference; lastKnownFileType = sourcecode.c.objc; path = "UIView+cl_style.m"; sourceTree = "<group>"; };
		13C43EA325A85E1900178795 /* NSData+CL_APNSToken.h */ = {isa = PBXFileReference; lastKnownFileType = sourcecode.c.h; path = "NSData+CL_APNSToken.h"; sourceTree = "<group>"; };
		13C43EA425A85E1900178795 /* NSData+CL_APNSToken.m */ = {isa = PBXFileReference; lastKnownFileType = sourcecode.c.objc; path = "NSData+CL_APNSToken.m"; sourceTree = "<group>"; };
		13C43EA825A85E6F00178795 /* NSArray+CL_SafeOperate.h */ = {isa = PBXFileReference; lastKnownFileType = sourcecode.c.h; path = "NSArray+CL_SafeOperate.h"; sourceTree = "<group>"; };
		13C43EA925A85E6F00178795 /* NSArray+CL_SafeOperate.m */ = {isa = PBXFileReference; lastKnownFileType = sourcecode.c.objc; path = "NSArray+CL_SafeOperate.m"; sourceTree = "<group>"; };
		13C43EAD25A85EE800178795 /* NSArray+CL_Log.h */ = {isa = PBXFileReference; lastKnownFileType = sourcecode.c.h; path = "NSArray+CL_Log.h"; sourceTree = "<group>"; };
		13C43EAE25A85EE800178795 /* NSArray+CL_Log.m */ = {isa = PBXFileReference; lastKnownFileType = sourcecode.c.objc; path = "NSArray+CL_Log.m"; sourceTree = "<group>"; };
		13C43EB325A85FC500178795 /* CLArrayHeaderFile.h */ = {isa = PBXFileReference; lastKnownFileType = sourcecode.c.h; path = CLArrayHeaderFile.h; sourceTree = "<group>"; };
		13C43EB425A8605000178795 /* CLDataHeaderFile.h */ = {isa = PBXFileReference; lastKnownFileType = sourcecode.c.h; path = CLDataHeaderFile.h; sourceTree = "<group>"; };
		13C43EB525A8605A00178795 /* CLDateHeaderFile.h */ = {isa = PBXFileReference; lastKnownFileType = sourcecode.c.h; path = CLDateHeaderFile.h; sourceTree = "<group>"; };
		13C43EB625A8606A00178795 /* CLDictHeaderFile.h */ = {isa = PBXFileReference; lastKnownFileType = sourcecode.c.h; path = CLDictHeaderFile.h; sourceTree = "<group>"; };
		13C43EB825A8608A00178795 /* CLObjectHeaderFile.h */ = {isa = PBXFileReference; lastKnownFileType = sourcecode.c.h; path = CLObjectHeaderFile.h; sourceTree = "<group>"; };
		13C43EB925A8609300178795 /* CLStringHeaderFile.h */ = {isa = PBXFileReference; lastKnownFileType = sourcecode.c.h; path = CLStringHeaderFile.h; sourceTree = "<group>"; };
		13C43EBA25A860C000178795 /* CLIndexPathHeaderFile.h */ = {isa = PBXFileReference; lastKnownFileType = sourcecode.c.h; path = CLIndexPathHeaderFile.h; sourceTree = "<group>"; };
		13C43EBC25A8620E00178795 /* NSDate+cl_Date.h */ = {isa = PBXFileReference; lastKnownFileType = sourcecode.c.h; path = "NSDate+cl_Date.h"; sourceTree = "<group>"; };
		13C43EBD25A8620E00178795 /* NSDate+cl_Date.m */ = {isa = PBXFileReference; lastKnownFileType = sourcecode.c.objc; path = "NSDate+cl_Date.m"; sourceTree = "<group>"; };
		13C43EC125A862B800178795 /* NSDictionary+cl_SafeOperate.h */ = {isa = PBXFileReference; lastKnownFileType = sourcecode.c.h; path = "NSDictionary+cl_SafeOperate.h"; sourceTree = "<group>"; };
		13C43EC225A862B800178795 /* NSDictionary+cl_SafeOperate.m */ = {isa = PBXFileReference; lastKnownFileType = sourcecode.c.objc; path = "NSDictionary+cl_SafeOperate.m"; sourceTree = "<group>"; };
		13C43EC625A8631C00178795 /* NSDictionary+cl_Log.h */ = {isa = PBXFileReference; lastKnownFileType = sourcecode.c.h; path = "NSDictionary+cl_Log.h"; sourceTree = "<group>"; };
		13C43EC725A8631C00178795 /* NSDictionary+cl_Log.m */ = {isa = PBXFileReference; lastKnownFileType = sourcecode.c.objc; path = "NSDictionary+cl_Log.m"; sourceTree = "<group>"; };
		13C43ECB25A8635300178795 /* NSDictionary+cl_Merge.h */ = {isa = PBXFileReference; lastKnownFileType = sourcecode.c.h; path = "NSDictionary+cl_Merge.h"; sourceTree = "<group>"; };
		13C43ECC25A8635300178795 /* NSDictionary+cl_Merge.m */ = {isa = PBXFileReference; lastKnownFileType = sourcecode.c.objc; path = "NSDictionary+cl_Merge.m"; sourceTree = "<group>"; };
		13C43ED025A8639B00178795 /* NSDictionary+cl_URL.h */ = {isa = PBXFileReference; lastKnownFileType = sourcecode.c.h; path = "NSDictionary+cl_URL.h"; sourceTree = "<group>"; };
		13C43ED125A8639B00178795 /* NSDictionary+cl_URL.m */ = {isa = PBXFileReference; lastKnownFileType = sourcecode.c.objc; path = "NSDictionary+cl_URL.m"; sourceTree = "<group>"; };
		13C43ED425A863CC00178795 /* NSDictionary+cl_XML.h */ = {isa = PBXFileReference; lastKnownFileType = sourcecode.c.h; path = "NSDictionary+cl_XML.h"; sourceTree = "<group>"; };
		13C43ED525A863CC00178795 /* NSDictionary+cl_XML.m */ = {isa = PBXFileReference; lastKnownFileType = sourcecode.c.objc; path = "NSDictionary+cl_XML.m"; sourceTree = "<group>"; };
		13C43ED925A8642900178795 /* NSIndexPath+cl_Category.h */ = {isa = PBXFileReference; lastKnownFileType = sourcecode.c.h; path = "NSIndexPath+cl_Category.h"; sourceTree = "<group>"; };
		13C43EDA25A8642900178795 /* NSIndexPath+cl_Category.m */ = {isa = PBXFileReference; lastKnownFileType = sourcecode.c.objc; path = "NSIndexPath+cl_Category.m"; sourceTree = "<group>"; };
		13C43EDE25A865E200178795 /* NSObject+cl_Category.h */ = {isa = PBXFileReference; lastKnownFileType = sourcecode.c.h; path = "NSObject+cl_Category.h"; sourceTree = "<group>"; };
		13C43EDF25A865E200178795 /* NSObject+cl_Category.m */ = {isa = PBXFileReference; lastKnownFileType = sourcecode.c.objc; path = "NSObject+cl_Category.m"; sourceTree = "<group>"; };
		13C43EE325A866E600178795 /* NSObject+cl_SystemService.h */ = {isa = PBXFileReference; lastKnownFileType = sourcecode.c.h; path = "NSObject+cl_SystemService.h"; sourceTree = "<group>"; };
		13C43EE425A866E600178795 /* NSObject+cl_SystemService.m */ = {isa = PBXFileReference; lastKnownFileType = sourcecode.c.objc; path = "NSObject+cl_SystemService.m"; sourceTree = "<group>"; };
		13F3147725AC316A004B5355 /* UIButton+cl_Action.h */ = {isa = PBXFileReference; lastKnownFileType = sourcecode.c.h; path = "UIButton+cl_Action.h"; sourceTree = "<group>"; };
		13F3147825AC316A004B5355 /* UIButton+cl_Action.m */ = {isa = PBXFileReference; lastKnownFileType = sourcecode.c.objc; path = "UIButton+cl_Action.m"; sourceTree = "<group>"; };
		13F3147C25AC31DC004B5355 /* UIButton+cl_Create.h */ = {isa = PBXFileReference; lastKnownFileType = sourcecode.c.h; path = "UIButton+cl_Create.h"; sourceTree = "<group>"; };
		13F3147D25AC31DC004B5355 /* UIButton+cl_Create.m */ = {isa = PBXFileReference; lastKnownFileType = sourcecode.c.objc; path = "UIButton+cl_Create.m"; sourceTree = "<group>"; };
		13F3148125AC3224004B5355 /* UIButton+cl_ImagePostion.h */ = {isa = PBXFileReference; lastKnownFileType = sourcecode.c.h; path = "UIButton+cl_ImagePostion.h"; sourceTree = "<group>"; };
		13F3148225AC3224004B5355 /* UIButton+cl_ImagePostion.m */ = {isa = PBXFileReference; lastKnownFileType = sourcecode.c.objc; path = "UIButton+cl_ImagePostion.m"; sourceTree = "<group>"; };
		148997D44D4DDBBC73A3E98A /* Pods-MiYu.debug.xcconfig */ = {isa = PBXFileReference; includeInIndex = 1; lastKnownFileType = text.xcconfig; name = "Pods-MiYu.debug.xcconfig"; path = "Target Support Files/Pods-MiYu/Pods-MiYu.debug.xcconfig"; sourceTree = "<group>"; };
		692BF5834DEFC99DB707FB6C /* Pods_MiYu.framework */ = {isa = PBXFileReference; explicitFileType = wrapper.framework; includeInIndex = 0; path = Pods_MiYu.framework; sourceTree = BUILT_PRODUCTS_DIR; };
		DD16217C7CBFF6CCD08E8B33 /* Pods-MiYu.release.xcconfig */ = {isa = PBXFileReference; includeInIndex = 1; lastKnownFileType = text.xcconfig; name = "Pods-MiYu.release.xcconfig"; path = "Target Support Files/Pods-MiYu/Pods-MiYu.release.xcconfig"; sourceTree = "<group>"; };
/* End PBXFileReference section */

/* Begin PBXFrameworksBuildPhase section */
		1367DA352574E74100A8C8F9 /* Frameworks */ = {
			isa = PBXFrameworksBuildPhase;
			buildActionMask = 2147483647;
			files = (
				9104F33B70E23C5A5A6847C6 /* Pods_MiYu.framework in Frameworks */,
			);
			runOnlyForDeploymentPostprocessing = 0;
		};
/* End PBXFrameworksBuildPhase section */

/* Begin PBXGroup section */
		132711FB25ADA09300F5FA9B /* AppConst */ = {
			isa = PBXGroup;
			children = (
				132711FC25ADA0C300F5FA9B /* AppConst.h */,
				132711FD25ADA0C300F5FA9B /* AppConst.m */,
			);
			path = AppConst;
			sourceTree = "<group>";
		};
		133AEE3625A5BB4B00B144CF /* Custom */ = {
			isa = PBXGroup;
			children = (
				133AEE3725A5BB6E00B144CF /* CLSoundTools.h */,
				133AEE3825A5BB6E00B144CF /* CLSoundTools.m */,
				133AEE3B25A5BBE500B144CF /* CLPermissionsTools.h */,
				133AEE3C25A5BBE500B144CF /* CLPermissionsTools.m */,
				1358F95C25A7F59200B83500 /* CLShareTools.h */,
				1358F95D25A7F59200B83500 /* CLShareTools.m */,
				130C5FFD25A8494F0022918B /* CLToolsFiles.h */,
			);
			path = Custom;
			sourceTree = "<group>";
		};
		1367DA2F2574E74100A8C8F9 = {
			isa = PBXGroup;
			children = (
				1367DA3A2574E74100A8C8F9 /* 蜜语 */,
				26F048C77AE1AD0C7A0B02D6 /* Frameworks */,
				1368BA1625AED6A300BD2DA0 /* MiYu.entitlements */,
				E970391399AD9639AC406128 /* Pods */,
				1367DA392574E74100A8C8F9 /* Products */,
			);
			sourceTree = "<group>";
		};
		1367DA392574E74100A8C8F9 /* Products */ = {
			isa = PBXGroup;
			children = (
				1367DA382574E74100A8C8F9 /* MiYu.app */,
			);
			name = Products;
			sourceTree = "<group>";
		};
		1367DA3A2574E74100A8C8F9 /* 蜜语 */ = {
			isa = PBXGroup;
			children = (
				132711FB25ADA09300F5FA9B /* AppConst */,
				1367DA5A2574E78E00A8C8F9 /* Appdelegate */,
				1367DA562574E75B00A8C8F9 /* Module */,
				1367DA582574E77600A8C8F9 /* Other */,
				1367DA572574E76800A8C8F9 /* Resource */,
				1367DA612574E7EF00A8C8F9 /* Tools */,
				13738899259B165E00FEDC27 /* Utils */,
				1367DA592574E77F00A8C8F9 /* Vender */,
			);
			path = "蜜语";
			sourceTree = "<group>";
		};
		1367DA562574E75B00A8C8F9 /* Module */ = {
			isa = PBXGroup;
			children = (
				13A9604925B04104006AA3A4 /* Find(发现) */,
				13A9604725B040E5006AA3A4 /* HomePage(首页) */,
				13A9604825B040F4006AA3A4 /* Live(直播) */,
				1367DA672574E96C00A8C8F9 /* Login */,
				13A9604B25B0411E006AA3A4 /* Me(我的) */,
				13A9604A25B0410F006AA3A4 /* Message(消息) */,
				1367DA662574E95600A8C8F9 /* Tabbar */,
			);
			path = Module;
			sourceTree = "<group>";
		};
		1367DA572574E76800A8C8F9 /* Resource */ = {
			isa = PBXGroup;
			children = (
				1367DA5F2574E7CB00A8C8F9 /* Auto */,
				1367DA5C2574E7AF00A8C8F9 /* Fonts */,
				1367DA5D2574E7B600A8C8F9 /* Image */,
				1367DA5E2574E7BC00A8C8F9 /* Plist */,
				1367DA602574E7D100A8C8F9 /* Video */,
			);
			path = Resource;
			sourceTree = "<group>";
		};
		1367DA582574E77600A8C8F9 /* Other */ = {
			isa = PBXGroup;
			children = (
				1367DA4D2574E74300A8C8F9 /* main.m */,
				13763B7D258713FD007640D2 /* PrefixHeader.pch */,
				13763BDF25871AA9007640D2 /* Launch Screen.storyboard */,
			);
			path = Other;
			sourceTree = "<group>";
		};
		1367DA592574E77F00A8C8F9 /* Vender */ = {
			isa = PBXGroup;
			children = (
			);
			path = Vender;
			sourceTree = "<group>";
		};
		1367DA5A2574E78E00A8C8F9 /* Appdelegate */ = {
			isa = PBXGroup;
			children = (
				1367DA3B2574E74100A8C8F9 /* AppDelegate.h */,
				1367DA3C2574E74100A8C8F9 /* AppDelegate.m */,
				1367DA6B2574EDD500A8C8F9 /* AppDelegate+Config.h */,
				1367DA6C2574EDD500A8C8F9 /* AppDelegate+Config.m */,
				1368B9E725AECBAF00BD2DA0 /* AppDelegate+PushConfig.h */,
				1368B9E825AECBAF00BD2DA0 /* AppDelegate+PushConfig.m */,
			);
			path = Appdelegate;
			sourceTree = "<group>";
		};
		1367DA5C2574E7AF00A8C8F9 /* Fonts */ = {
			isa = PBXGroup;
			children = (
			);
			path = Fonts;
			sourceTree = "<group>";
		};
		1367DA5D2574E7B600A8C8F9 /* Image */ = {
			isa = PBXGroup;
			children = (
				1367DA472574E74300A8C8F9 /* Assets.xcassets */,
			);
			path = Image;
			sourceTree = "<group>";
		};
		1367DA5E2574E7BC00A8C8F9 /* Plist */ = {
			isa = PBXGroup;
			children = (
				1367DA4C2574E74300A8C8F9 /* Info.plist */,
			);
			path = Plist;
			sourceTree = "<group>";
		};
		1367DA5F2574E7CB00A8C8F9 /* Auto */ = {
			isa = PBXGroup;
			children = (
				133AEE3325A5B88700B144CF /* text2audio.wav */,
			);
			path = Auto;
			sourceTree = "<group>";
		};
		1367DA602574E7D100A8C8F9 /* Video */ = {
			isa = PBXGroup;
			children = (
			);
			path = Video;
			sourceTree = "<group>";
		};
		1367DA612574E7EF00A8C8F9 /* Tools */ = {
			isa = PBXGroup;
			children = (
				133AEE3625A5BB4B00B144CF /* Custom */,
				1367DA652574E81800A8C8F9 /* Category */,
				1367DA642574E80F00A8C8F9 /* Const */,
				1367DA632574E80800A8C8F9 /* DataBase */,
				1367DA622574E7FF00A8C8F9 /* Macros */,
			);
			path = Tools;
			sourceTree = "<group>";
		};
		1367DA622574E7FF00A8C8F9 /* Macros */ = {
			isa = PBXGroup;
			children = (
			);
			path = Macros;
			sourceTree = "<group>";
		};
		1367DA632574E80800A8C8F9 /* DataBase */ = {
			isa = PBXGroup;
			children = (
			);
			path = DataBase;
			sourceTree = "<group>";
		};
		1367DA642574E80F00A8C8F9 /* Const */ = {
			isa = PBXGroup;
			children = (
			);
			path = Const;
			sourceTree = "<group>";
		};
		1367DA652574E81800A8C8F9 /* Category */ = {
			isa = PBXGroup;
			children = (
			);
			path = Category;
			sourceTree = "<group>";
		};
		1367DA662574E95600A8C8F9 /* Tabbar */ = {
			isa = PBXGroup;
			children = (
				13A9603925B03719006AA3A4 /* MYTabbarViewController.h */,
				13A9603A25B03719006AA3A4 /* MYTabbarViewController.m */,
				13A9604325B04068006AA3A4 /* MYNavigationController.h */,
				13A9604425B04068006AA3A4 /* MYNavigationController.m */,
			);
			path = Tabbar;
			sourceTree = "<group>";
		};
		1367DA672574E96C00A8C8F9 /* Login */ = {
			isa = PBXGroup;
			children = (
				13763BDB258719A8007640D2 /* LoginViewController.h */,
				13763BDC258719A8007640D2 /* LoginViewController.m */,
				13763BE325873DDB007640D2 /* M */,
				13763BE425873DE0007640D2 /* V */,
			);
			path = Login;
			sourceTree = "<group>";
		};
		13738899259B165E00FEDC27 /* Utils */ = {
			isa = PBXGroup;
			children = (
				1373889A259B174A00FEDC27 /* Category */,
				13A7E2D8259C1E0500949FD3 /* CLKitHeaderFile.h */,
				137388B3259B3C8E00FEDC27 /* Const */,
				137388A7259B1CE400FEDC27 /* Macro */,
			);
			path = Utils;
			sourceTree = "<group>";
		};
		1373889A259B174A00FEDC27 /* Category */ = {
			isa = PBXGroup;
			children = (
				1373889C259B17A900FEDC27 /* Foundation */,
				1373889B259B175400FEDC27 /* UIKit */,
			);
			path = Category;
			sourceTree = "<group>";
		};
		1373889B259B175400FEDC27 /* UIKit */ = {
			isa = PBXGroup;
			children = (
				13C2D4F825A302C9004DF9E5 /* CLKit_UIKit.h */,
				137388A1259B181F00FEDC27 /* UIButton */,
				137388A6259B18B900FEDC27 /* UIImage */,
				137388A2259B187A00FEDC27 /* UILabel */,
				138A7F9F25A466D9001D4730 /* UINavigationItem */,
				137388A3259B188C00FEDC27 /* UIScrollView */,
				137388A4259B189B00FEDC27 /* UITableView */,
				13A7E2DC259C320500949FD3 /* UIView */,
			);
			path = UIKit;
			sourceTree = "<group>";
		};
		1373889C259B17A900FEDC27 /* Foundation */ = {
			isa = PBXGroup;
			children = (
				13A7E30B259C82C000949FD3 /* CLKitFoundation.h */,
				1373889E259B17D900FEDC27 /* NSArray */,
				13C2D4EE25A2FCFB004DF9E5 /* NSData */,
				137388A0259B180A00FEDC27 /* NSDate */,
				1373889F259B17EA00FEDC27 /* NSDictionary */,
				13C2D4F325A2FFFE004DF9E5 /* NSIndexPath */,
				13A7E305259C810700949FD3 /* NSObject */,
				1373889D259B17B400FEDC27 /* NSString */,
			);
			path = Foundation;
			sourceTree = "<group>";
		};
		1373889D259B17B400FEDC27 /* NSString */ = {
			isa = PBXGroup;
			children = (
				13C43EB925A8609300178795 /* CLStringHeaderFile.h */,
				13A7E2DF259C58B100949FD3 /* NSMutableAttributedString+CLKit.h */,
				13A7E2E0259C58B100949FD3 /* NSMutableAttributedString+CLKit.m */,
				13A7E2F0259C72B500949FD3 /* NSString+CGSize.h */,
				13A7E2F1259C72B500949FD3 /* NSString+CGSize.m */,
				13A7E2F8259C774700949FD3 /* NSString+Encryption.h */,
				13A7E2F9259C774700949FD3 /* NSString+Encryption.m */,
				13A7E2FC259C7B2D00949FD3 /* NSString+FileManager.h */,
				13A7E2FD259C7B2D00949FD3 /* NSString+FileManager.m */,
				13C2D4EA25A2F217004DF9E5 /* NSString+Judge.h */,
				13C2D4EB25A2F217004DF9E5 /* NSString+Judge.m */,
				13C2D4E625A2F0F9004DF9E5 /* NSString+MimeType.h */,
				13C2D4E725A2F0F9004DF9E5 /* NSString+MimeType.m */,
				13A7E2E4259C5FC000949FD3 /* NSString+NSNumber.h */,
				13A7E2E5259C5FC000949FD3 /* NSString+NSNumber.m */,
				13A7E2E8259C680200949FD3 /* NSString+NSRange.h */,
				13A7E2E9259C680200949FD3 /* NSString+NSRange.m */,
				13A7E2EC259C68F100949FD3 /* NSString+Regular.h */,
				13A7E2ED259C68F100949FD3 /* NSString+Regular.m */,
				13A7E2F4259C756100949FD3 /* NSString+TransForm.h */,
				13A7E2F5259C756100949FD3 /* NSString+TransForm.m */,
			);
			path = NSString;
			sourceTree = "<group>";
		};
		1373889E259B17D900FEDC27 /* NSArray */ = {
			isa = PBXGroup;
			children = (
				13C43EB325A85FC500178795 /* CLArrayHeaderFile.h */,
				13C43EAD25A85EE800178795 /* NSArray+CL_Log.h */,
				13C43EAE25A85EE800178795 /* NSArray+CL_Log.m */,
				13C43EA825A85E6F00178795 /* NSArray+CL_SafeOperate.h */,
				13C43EA925A85E6F00178795 /* NSArray+CL_SafeOperate.m */,
			);
			path = NSArray;
			sourceTree = "<group>";
		};
		1373889F259B17EA00FEDC27 /* NSDictionary */ = {
			isa = PBXGroup;
			children = (
				13C43EB625A8606A00178795 /* CLDictHeaderFile.h */,
				13C43EC125A862B800178795 /* NSDictionary+cl_SafeOperate.h */,
				13C43EC225A862B800178795 /* NSDictionary+cl_SafeOperate.m */,
				13C43EC625A8631C00178795 /* NSDictionary+cl_Log.h */,
				13C43EC725A8631C00178795 /* NSDictionary+cl_Log.m */,
				13C43ECB25A8635300178795 /* NSDictionary+cl_Merge.h */,
				13C43ECC25A8635300178795 /* NSDictionary+cl_Merge.m */,
				13C43ED025A8639B00178795 /* NSDictionary+cl_URL.h */,
				13C43ED125A8639B00178795 /* NSDictionary+cl_URL.m */,
				13C43ED425A863CC00178795 /* NSDictionary+cl_XML.h */,
				13C43ED525A863CC00178795 /* NSDictionary+cl_XML.m */,
			);
			path = NSDictionary;
			sourceTree = "<group>";
		};
		137388A0259B180A00FEDC27 /* NSDate */ = {
			isa = PBXGroup;
			children = (
				13C43EB525A8605A00178795 /* CLDateHeaderFile.h */,
				13C43EBC25A8620E00178795 /* NSDate+cl_Date.h */,
				13C43EBD25A8620E00178795 /* NSDate+cl_Date.m */,
			);
			path = NSDate;
			sourceTree = "<group>";
		};
		137388A1259B181F00FEDC27 /* UIButton */ = {
			isa = PBXGroup;
			children = (
				138A7F7225A43926001D4730 /* CLKitButtonHeaderFile.h */,
				13F3147725AC316A004B5355 /* UIButton+cl_Action.h */,
				13F3147825AC316A004B5355 /* UIButton+cl_Action.m */,
				13F3147C25AC31DC004B5355 /* UIButton+cl_Create.h */,
				13F3147D25AC31DC004B5355 /* UIButton+cl_Create.m */,
				13F3148125AC3224004B5355 /* UIButton+cl_ImagePostion.h */,
				13F3148225AC3224004B5355 /* UIButton+cl_ImagePostion.m */,
			);
			path = UIButton;
			sourceTree = "<group>";
		};
		137388A2259B187A00FEDC27 /* UILabel */ = {
			isa = PBXGroup;
			children = (
				13B270E225AC3B9900FA7CAB /* UILabel+cl_Create.h */,
				13B270E325AC3B9900FA7CAB /* UILabel+cl_Create.m */,
			);
			path = UILabel;
			sourceTree = "<group>";
		};
		137388A3259B188C00FEDC27 /* UIScrollView */ = {
			isa = PBXGroup;
			children = (
				138A7F9225A461E7001D4730 /* UIScrollView+cl_Category.h */,
				138A7F9325A461E7001D4730 /* UIScrollView+cl_Category.m */,
			);
			path = UIScrollView;
			sourceTree = "<group>";
		};
		137388A4259B189B00FEDC27 /* UITableView */ = {
			isa = PBXGroup;
			children = (
				138A7F9A25A465A6001D4730 /* UITableView+cl_Category.h */,
				138A7F9B25A465A6001D4730 /* UITableView+cl_Category.m */,
			);
			path = UITableView;
			sourceTree = "<group>";
		};
		137388A6259B18B900FEDC27 /* UIImage */ = {
			isa = PBXGroup;
			children = (
				138A7F7725A43DAD001D4730 /* CLKitImageHeaderFile.h */,
				13B270C925AC37D500FA7CAB /* UIImage+cl_Size.h */,
				13B270CA25AC37D500FA7CAB /* UIImage+cl_Size.m */,
				13B270CE25AC390D00FA7CAB /* UIImage+cl_Gif.h */,
				13B270CF25AC390D00FA7CAB /* UIImage+cl_Gif.m */,
				13B270D325AC394A00FA7CAB /* UIImage+cl_Color.h */,
				13B270D425AC394A00FA7CAB /* UIImage+cl_Color.m */,
				13B270D825AC398800FA7CAB /* UIImage+cl_Round.h */,
				13B270D925AC398800FA7CAB /* UIImage+cl_Round.m */,
				13B270DD25AC3A4900FA7CAB /* UIImage+cl_Editor.h */,
				13B270DE25AC3A4900FA7CAB /* UIImage+cl_Editor.m */,
			);
			path = UIImage;
			sourceTree = "<group>";
		};
		137388A7259B1CE400FEDC27 /* Macro */ = {
			isa = PBXGroup;
			children = (
				137388A9259B2D0900FEDC27 /* CLKitSingleton.h */,
				133AEE1D25A5969700B144CF /* CLKitUtilsMacroFiles.h */,
			);
			path = Macro;
			sourceTree = "<group>";
		};
		137388B3259B3C8E00FEDC27 /* Const */ = {
			isa = PBXGroup;
			children = (
				13C2D4F925A30390004DF9E5 /* CLKitConst.h */,
			);
			path = Const;
			sourceTree = "<group>";
		};
		13763BE325873DDB007640D2 /* M */ = {
			isa = PBXGroup;
			children = (
			);
			path = M;
			sourceTree = "<group>";
		};
		13763BE425873DE0007640D2 /* V */ = {
			isa = PBXGroup;
			children = (
				1390A58925874DA000DC6816 /* LoginView.h */,
				1390A58A25874DA000DC6816 /* LoginView.m */,
			);
			path = V;
			sourceTree = "<group>";
		};
		138A7F9F25A466D9001D4730 /* UINavigationItem */ = {
			isa = PBXGroup;
			children = (
				138A7FA725A46E22001D4730 /* UIBarButtonItem+cl_Category.h */,
				138A7FA825A46E22001D4730 /* UIBarButtonItem+cl_Category.m */,
			);
			path = UINavigationItem;
			sourceTree = "<group>";
		};
		13A7E2DC259C320500949FD3 /* UIView */ = {
			isa = PBXGroup;
			children = (
				138A7F7125A42461001D4730 /* CLKitViewHeaderFile.h */,
				13C2D51325A31B51004DF9E5 /* UIView+cl_Action.h */,
				13C2D51425A31B51004DF9E5 /* UIView+cl_Action.m */,
				138A7F6C25A41772001D4730 /* UIView+cl_Animation.h */,
				138A7F6D25A41772001D4730 /* UIView+cl_Animation.m */,
				138A7F6825A415A7001D4730 /* UIView+cl_Find.h */,
				138A7F6925A415A7001D4730 /* UIView+cl_Find.m */,
				13C2D50C25A31852004DF9E5 /* UIView+cl_Frame.h */,
				13C2D50D25A31852004DF9E5 /* UIView+cl_Frame.m */,
				138A7F6425A41469001D4730 /* UIView+cl_Screenshot.h */,
				138A7F6525A41469001D4730 /* UIView+cl_Screenshot.m */,
				13C2D51725A31D4E004DF9E5 /* UIView+cl_style.h */,
				13C2D51825A31D4E004DF9E5 /* UIView+cl_style.m */,
			);
			path = UIView;
			sourceTree = "<group>";
		};
		13A7E305259C810700949FD3 /* NSObject */ = {
			isa = PBXGroup;
			children = (
				13C43EB825A8608A00178795 /* CLObjectHeaderFile.h */,
				13C43EDE25A865E200178795 /* NSObject+cl_Category.h */,
				13C43EDF25A865E200178795 /* NSObject+cl_Category.m */,
				13C43EE325A866E600178795 /* NSObject+cl_SystemService.h */,
				13C43EE425A866E600178795 /* NSObject+cl_SystemService.m */,
			);
			path = NSObject;
			sourceTree = "<group>";
		};
		13A9604725B040E5006AA3A4 /* HomePage(首页) */ = {
			isa = PBXGroup;
			children = (
				13A9605125B04170006AA3A4 /* MYHomePageViewController.h */,
				13A9605225B04170006AA3A4 /* MYHomePageViewController.m */,
			);
			path = "HomePage(首页)";
			sourceTree = "<group>";
		};
		13A9604825B040F4006AA3A4 /* Live(直播) */ = {
			isa = PBXGroup;
			children = (
				13A9605525B0417A006AA3A4 /* MYLiveViewController.h */,
				13A9605625B0417A006AA3A4 /* MYLiveViewController.m */,
			);
			path = "Live(直播)";
			sourceTree = "<group>";
		};
		13A9604925B04104006AA3A4 /* Find(发现) */ = {
			isa = PBXGroup;
			children = (
				13A9604C25B04164006AA3A4 /* MYFindViewController.h */,
				13A9604D25B04164006AA3A4 /* MYFindViewController.m */,
			);
			path = "Find(发现)";
			sourceTree = "<group>";
		};
		13A9604A25B0410F006AA3A4 /* Message(消息) */ = {
			isa = PBXGroup;
			children = (
				13A9605D25B0418D006AA3A4 /* MYMessageViewController.h */,
				13A9605E25B0418D006AA3A4 /* MYMessageViewController.m */,
			);
			path = "Message(消息)";
			sourceTree = "<group>";
		};
		13A9604B25B0411E006AA3A4 /* Me(我的) */ = {
			isa = PBXGroup;
			children = (
				13A9605925B04184006AA3A4 /* MYMeViewController.h */,
				13A9605A25B04184006AA3A4 /* MYMeViewController.m */,
			);
			path = "Me(我的)";
			sourceTree = "<group>";
		};
		13C2D4EE25A2FCFB004DF9E5 /* NSData */ = {
			isa = PBXGroup;
			children = (
				13C43EB425A8605000178795 /* CLDataHeaderFile.h */,
				13C43EA325A85E1900178795 /* NSData+CL_APNSToken.h */,
				13C43EA425A85E1900178795 /* NSData+CL_APNSToken.m */,
			);
			path = NSData;
			sourceTree = "<group>";
		};
		13C2D4F325A2FFFE004DF9E5 /* NSIndexPath */ = {
			isa = PBXGroup;
			children = (
				13C43EBA25A860C000178795 /* CLIndexPathHeaderFile.h */,
				13C43ED925A8642900178795 /* NSIndexPath+cl_Category.h */,
				13C43EDA25A8642900178795 /* NSIndexPath+cl_Category.m */,
			);
			path = NSIndexPath;
			sourceTree = "<group>";
		};
		26F048C77AE1AD0C7A0B02D6 /* Frameworks */ = {
			isa = PBXGroup;
			children = (
				692BF5834DEFC99DB707FB6C /* Pods_MiYu.framework */,
			);
			name = Frameworks;
			sourceTree = "<group>";
		};
		E970391399AD9639AC406128 /* Pods */ = {
			isa = PBXGroup;
			children = (
				148997D44D4DDBBC73A3E98A /* Pods-MiYu.debug.xcconfig */,
				DD16217C7CBFF6CCD08E8B33 /* Pods-MiYu.release.xcconfig */,
			);
			path = Pods;
			sourceTree = "<group>";
		};
/* End PBXGroup section */

/* Begin PBXNativeTarget section */
		1367DA372574E74100A8C8F9 /* MiYu */ = {
			isa = PBXNativeTarget;
			buildConfigurationList = 1367DA512574E74300A8C8F9 /* Build configuration list for PBXNativeTarget "MiYu" */;
			buildPhases = (
				05AEAFEA6FD133C31F8A7BD8 /* [CP] Check Pods Manifest.lock */,
				1367DA342574E74100A8C8F9 /* Sources */,
				1367DA352574E74100A8C8F9 /* Frameworks */,
				1367DA362574E74100A8C8F9 /* Resources */,
				03F22C50018827B349555AF0 /* [CP] Embed Pods Frameworks */,
				0CE8F68578B1237B7C47F778 /* [CP] Copy Pods Resources */,
			);
			buildRules = (
			);
			dependencies = (
			);
			name = MiYu;
			productName = BaseObject;
			productReference = 1367DA382574E74100A8C8F9 /* MiYu.app */;
			productType = "com.apple.product-type.application";
		};
/* End PBXNativeTarget section */

/* Begin PBXProject section */
		1367DA302574E74100A8C8F9 /* Project object */ = {
			isa = PBXProject;
			attributes = {
				LastUpgradeCheck = 1220;
				TargetAttributes = {
					1367DA372574E74100A8C8F9 = {
						CreatedOnToolsVersion = 12.2;
					};
				};
			};
			buildConfigurationList = 1367DA332574E74100A8C8F9 /* Build configuration list for PBXProject "MiYu" */;
			compatibilityVersion = "Xcode 9.3";
			developmentRegion = en;
			hasScannedForEncodings = 0;
			knownRegions = (
				en,
				Base,
			);
			mainGroup = 1367DA2F2574E74100A8C8F9;
			productRefGroup = 1367DA392574E74100A8C8F9 /* Products */;
			projectDirPath = "";
			projectRoot = "";
			targets = (
				1367DA372574E74100A8C8F9 /* MiYu */,
			);
		};
/* End PBXProject section */

/* Begin PBXResourcesBuildPhase section */
		1367DA362574E74100A8C8F9 /* Resources */ = {
			isa = PBXResourcesBuildPhase;
			buildActionMask = 2147483647;
			files = (
				133AEE3425A5B88700B144CF /* text2audio.wav in Resources */,
				13763BE025871AA9007640D2 /* Launch Screen.storyboard in Resources */,
				1367DA482574E74300A8C8F9 /* Assets.xcassets in Resources */,
			);
			runOnlyForDeploymentPostprocessing = 0;
		};
/* End PBXResourcesBuildPhase section */

/* Begin PBXShellScriptBuildPhase section */
		03F22C50018827B349555AF0 /* [CP] Embed Pods Frameworks */ = {
			isa = PBXShellScriptBuildPhase;
			buildActionMask = 2147483647;
			files = (
			);
			inputFileListPaths = (
				"${PODS_ROOT}/Target Support Files/Pods-MiYu/Pods-MiYu-frameworks-${CONFIGURATION}-input-files.xcfilelist",
			);
			name = "[CP] Embed Pods Frameworks";
			outputFileListPaths = (
				"${PODS_ROOT}/Target Support Files/Pods-MiYu/Pods-MiYu-frameworks-${CONFIGURATION}-output-files.xcfilelist",
			);
			runOnlyForDeploymentPostprocessing = 0;
			shellPath = /bin/sh;
			shellScript = "\"${PODS_ROOT}/Target Support Files/Pods-MiYu/Pods-MiYu-frameworks.sh\"\n";
			showEnvVarsInLog = 0;
		};
		05AEAFEA6FD133C31F8A7BD8 /* [CP] Check Pods Manifest.lock */ = {
			isa = PBXShellScriptBuildPhase;
			buildActionMask = 2147483647;
			files = (
			);
			inputFileListPaths = (
			);
			inputPaths = (
				"${PODS_PODFILE_DIR_PATH}/Podfile.lock",
				"${PODS_ROOT}/Manifest.lock",
			);
			name = "[CP] Check Pods Manifest.lock";
			outputFileListPaths = (
			);
			outputPaths = (
				"$(DERIVED_FILE_DIR)/Pods-MiYu-checkManifestLockResult.txt",
			);
			runOnlyForDeploymentPostprocessing = 0;
			shellPath = /bin/sh;
			shellScript = "diff \"${PODS_PODFILE_DIR_PATH}/Podfile.lock\" \"${PODS_ROOT}/Manifest.lock\" > /dev/null\nif [ $? != 0 ] ; then\n    # print error to STDERR\n    echo \"error: The sandbox is not in sync with the Podfile.lock. Run 'pod install' or update your CocoaPods installation.\" >&2\n    exit 1\nfi\n# This output is used by Xcode 'outputs' to avoid re-running this script phase.\necho \"SUCCESS\" > \"${SCRIPT_OUTPUT_FILE_0}\"\n";
			showEnvVarsInLog = 0;
		};
		0CE8F68578B1237B7C47F778 /* [CP] Copy Pods Resources */ = {
			isa = PBXShellScriptBuildPhase;
			buildActionMask = 2147483647;
			files = (
			);
			inputFileListPaths = (
				"${PODS_ROOT}/Target Support Files/Pods-MiYu/Pods-MiYu-resources-${CONFIGURATION}-input-files.xcfilelist",
			);
			name = "[CP] Copy Pods Resources";
			outputFileListPaths = (
				"${PODS_ROOT}/Target Support Files/Pods-MiYu/Pods-MiYu-resources-${CONFIGURATION}-output-files.xcfilelist",
			);
			runOnlyForDeploymentPostprocessing = 0;
			shellPath = /bin/sh;
			shellScript = "\"${PODS_ROOT}/Target Support Files/Pods-MiYu/Pods-MiYu-resources.sh\"\n";
			showEnvVarsInLog = 0;
		};
/* End PBXShellScriptBuildPhase section */

/* Begin PBXSourcesBuildPhase section */
		1367DA342574E74100A8C8F9 /* Sources */ = {
			isa = PBXSourcesBuildPhase;
			buildActionMask = 2147483647;
			files = (
				13763BDD258719A8007640D2 /* LoginViewController.m in Sources */,
				13C43EE525A866E600178795 /* NSObject+cl_SystemService.m in Sources */,
				133AEE3D25A5BBE500B144CF /* CLPermissionsTools.m in Sources */,
				13A7E2EA259C680200949FD3 /* NSString+NSRange.m in Sources */,
				13A9605325B04170006AA3A4 /* MYHomePageViewController.m in Sources */,
				13A9604E25B04164006AA3A4 /* MYFindViewController.m in Sources */,
				13C43ECD25A8635300178795 /* NSDictionary+cl_Merge.m in Sources */,
				1367DA6D2574EDD500A8C8F9 /* AppDelegate+Config.m in Sources */,
				1367DA3D2574E74100A8C8F9 /* AppDelegate.m in Sources */,
				13C43EA525A85E1900178795 /* NSData+CL_APNSToken.m in Sources */,
				13C2D4E825A2F0F9004DF9E5 /* NSString+MimeType.m in Sources */,
				13A9604525B04068006AA3A4 /* MYNavigationController.m in Sources */,
				13A7E2E6259C5FC000949FD3 /* NSString+NSNumber.m in Sources */,
				13A7E2F2259C72B500949FD3 /* NSString+CGSize.m in Sources */,
				138A7F9425A461E7001D4730 /* UIScrollView+cl_Category.m in Sources */,
				1390A58B25874DA000DC6816 /* LoginView.m in Sources */,
				132711FE25ADA0C300F5FA9B /* AppConst.m in Sources */,
				13F3148325AC3224004B5355 /* UIButton+cl_ImagePostion.m in Sources */,
				13A9605725B0417A006AA3A4 /* MYLiveViewController.m in Sources */,
				138A7F6A25A415A7001D4730 /* UIView+cl_Find.m in Sources */,
				13C2D51525A31B51004DF9E5 /* UIView+cl_Action.m in Sources */,
				13A7E2EE259C68F100949FD3 /* NSString+Regular.m in Sources */,
				13C43EC825A8631C00178795 /* NSDictionary+cl_Log.m in Sources */,
				13F3147925AC316A004B5355 /* UIButton+cl_Action.m in Sources */,
				138A7FA925A46E22001D4730 /* UIBarButtonItem+cl_Category.m in Sources */,
				13C43EAA25A85E6F00178795 /* NSArray+CL_SafeOperate.m in Sources */,
				1358F95E25A7F59200B83500 /* CLShareTools.m in Sources */,
				13C2D4EC25A2F217004DF9E5 /* NSString+Judge.m in Sources */,
				1368B9E925AECBAF00BD2DA0 /* AppDelegate+PushConfig.m in Sources */,
				13A7E2FE259C7B2D00949FD3 /* NSString+FileManager.m in Sources */,
				1367DA4E2574E74300A8C8F9 /* main.m in Sources */,
				13A7E2F6259C756100949FD3 /* NSString+TransForm.m in Sources */,
				13C43ED225A8639B00178795 /* NSDictionary+cl_URL.m in Sources */,
				13A9605F25B0418D006AA3A4 /* MYMessageViewController.m in Sources */,
				13C43EBE25A8620E00178795 /* NSDate+cl_Date.m in Sources */,
				13B270D025AC390D00FA7CAB /* UIImage+cl_Gif.m in Sources */,
				133AEE3925A5BB6E00B144CF /* CLSoundTools.m in Sources */,
				13A7E2FA259C774700949FD3 /* NSString+Encryption.m in Sources */,
				138A7F6625A41469001D4730 /* UIView+cl_Screenshot.m in Sources */,
				13A9603B25B03719006AA3A4 /* MYTabbarViewController.m in Sources */,
				13B270CB25AC37D500FA7CAB /* UIImage+cl_Size.m in Sources */,
				13C43EE025A865E200178795 /* NSObject+cl_Category.m in Sources */,
				13B270E425AC3B9900FA7CAB /* UILabel+cl_Create.m in Sources */,
				13B270DA25AC398800FA7CAB /* UIImage+cl_Round.m in Sources */,
				138A7F6E25A41772001D4730 /* UIView+cl_Animation.m in Sources */,
				13B270D525AC394A00FA7CAB /* UIImage+cl_Color.m in Sources */,
				138A7F9C25A465A6001D4730 /* UITableView+cl_Category.m in Sources */,
				13C2D50E25A31853004DF9E5 /* UIView+cl_Frame.m in Sources */,
				13C43ED625A863CC00178795 /* NSDictionary+cl_XML.m in Sources */,
				13C43EDB25A8642900178795 /* NSIndexPath+cl_Category.m in Sources */,
				13F3147E25AC31DC004B5355 /* UIButton+cl_Create.m in Sources */,
				13C43EC325A862B800178795 /* NSDictionary+cl_SafeOperate.m in Sources */,
				13C2D51925A31D4E004DF9E5 /* UIView+cl_style.m in Sources */,
				13C43EAF25A85EE800178795 /* NSArray+CL_Log.m in Sources */,
				13B270DF25AC3A4900FA7CAB /* UIImage+cl_Editor.m in Sources */,
				13A9605B25B04184006AA3A4 /* MYMeViewController.m in Sources */,
				13A7E2E1259C58B100949FD3 /* NSMutableAttributedString+CLKit.m in Sources */,
			);
			runOnlyForDeploymentPostprocessing = 0;
		};
/* End PBXSourcesBuildPhase section */

/* Begin XCBuildConfiguration section */
		1367DA4F2574E74300A8C8F9 /* Debug */ = {
			isa = XCBuildConfiguration;
			buildSettings = {
				ALWAYS_SEARCH_USER_PATHS = NO;
				CLANG_ANALYZER_NONNULL = YES;
				CLANG_ANALYZER_NUMBER_OBJECT_CONVERSION = YES_AGGRESSIVE;
				CLANG_CXX_LANGUAGE_STANDARD = "gnu++14";
				CLANG_CXX_LIBRARY = "libc++";
				CLANG_ENABLE_MODULES = YES;
				CLANG_ENABLE_OBJC_ARC = YES;
				CLANG_ENABLE_OBJC_WEAK = YES;
				CLANG_WARN_BLOCK_CAPTURE_AUTORELEASING = YES;
				CLANG_WARN_BOOL_CONVERSION = YES;
				CLANG_WARN_COMMA = YES;
				CLANG_WARN_CONSTANT_CONVERSION = YES;
				CLANG_WARN_DEPRECATED_OBJC_IMPLEMENTATIONS = YES;
				CLANG_WARN_DIRECT_OBJC_ISA_USAGE = YES_ERROR;
				CLANG_WARN_DOCUMENTATION_COMMENTS = YES;
				CLANG_WARN_EMPTY_BODY = YES;
				CLANG_WARN_ENUM_CONVERSION = YES;
				CLANG_WARN_INFINITE_RECURSION = YES;
				CLANG_WARN_INT_CONVERSION = YES;
				CLANG_WARN_NON_LITERAL_NULL_CONVERSION = YES;
				CLANG_WARN_OBJC_IMPLICIT_RETAIN_SELF = YES;
				CLANG_WARN_OBJC_LITERAL_CONVERSION = YES;
				CLANG_WARN_OBJC_ROOT_CLASS = YES_ERROR;
				CLANG_WARN_QUOTED_INCLUDE_IN_FRAMEWORK_HEADER = YES;
				CLANG_WARN_RANGE_LOOP_ANALYSIS = YES;
				CLANG_WARN_STRICT_PROTOTYPES = YES;
				CLANG_WARN_SUSPICIOUS_MOVE = YES;
				CLANG_WARN_UNGUARDED_AVAILABILITY = YES_AGGRESSIVE;
				CLANG_WARN_UNREACHABLE_CODE = YES;
				CLANG_WARN__DUPLICATE_METHOD_MATCH = YES;
				COPY_PHASE_STRIP = NO;
				DEBUG_INFORMATION_FORMAT = dwarf;
				ENABLE_STRICT_OBJC_MSGSEND = YES;
				ENABLE_TESTABILITY = YES;
				GCC_C_LANGUAGE_STANDARD = gnu11;
				GCC_DYNAMIC_NO_PIC = NO;
				GCC_NO_COMMON_BLOCKS = YES;
				GCC_OPTIMIZATION_LEVEL = 0;
				GCC_PREPROCESSOR_DEFINITIONS = (
					"DEBUG=1",
					"$(inherited)",
				);
				GCC_WARN_64_TO_32_BIT_CONVERSION = YES;
				GCC_WARN_ABOUT_RETURN_TYPE = YES_ERROR;
				GCC_WARN_UNDECLARED_SELECTOR = YES;
				GCC_WARN_UNINITIALIZED_AUTOS = YES_AGGRESSIVE;
				GCC_WARN_UNUSED_FUNCTION = YES;
				GCC_WARN_UNUSED_VARIABLE = YES;
				IPHONEOS_DEPLOYMENT_TARGET = 9.0;
				MTL_ENABLE_DEBUG_INFO = INCLUDE_SOURCE;
				MTL_FAST_MATH = YES;
				ONLY_ACTIVE_ARCH = YES;
				SDKROOT = iphoneos;
			};
			name = Debug;
		};
		1367DA502574E74300A8C8F9 /* Release */ = {
			isa = XCBuildConfiguration;
			buildSettings = {
				ALWAYS_SEARCH_USER_PATHS = NO;
				CLANG_ANALYZER_NONNULL = YES;
				CLANG_ANALYZER_NUMBER_OBJECT_CONVERSION = YES_AGGRESSIVE;
				CLANG_CXX_LANGUAGE_STANDARD = "gnu++14";
				CLANG_CXX_LIBRARY = "libc++";
				CLANG_ENABLE_MODULES = YES;
				CLANG_ENABLE_OBJC_ARC = YES;
				CLANG_ENABLE_OBJC_WEAK = YES;
				CLANG_WARN_BLOCK_CAPTURE_AUTORELEASING = YES;
				CLANG_WARN_BOOL_CONVERSION = YES;
				CLANG_WARN_COMMA = YES;
				CLANG_WARN_CONSTANT_CONVERSION = YES;
				CLANG_WARN_DEPRECATED_OBJC_IMPLEMENTATIONS = YES;
				CLANG_WARN_DIRECT_OBJC_ISA_USAGE = YES_ERROR;
				CLANG_WARN_DOCUMENTATION_COMMENTS = YES;
				CLANG_WARN_EMPTY_BODY = YES;
				CLANG_WARN_ENUM_CONVERSION = YES;
				CLANG_WARN_INFINITE_RECURSION = YES;
				CLANG_WARN_INT_CONVERSION = YES;
				CLANG_WARN_NON_LITERAL_NULL_CONVERSION = YES;
				CLANG_WARN_OBJC_IMPLICIT_RETAIN_SELF = YES;
				CLANG_WARN_OBJC_LITERAL_CONVERSION = YES;
				CLANG_WARN_OBJC_ROOT_CLASS = YES_ERROR;
				CLANG_WARN_QUOTED_INCLUDE_IN_FRAMEWORK_HEADER = YES;
				CLANG_WARN_RANGE_LOOP_ANALYSIS = YES;
				CLANG_WARN_STRICT_PROTOTYPES = YES;
				CLANG_WARN_SUSPICIOUS_MOVE = YES;
				CLANG_WARN_UNGUARDED_AVAILABILITY = YES_AGGRESSIVE;
				CLANG_WARN_UNREACHABLE_CODE = YES;
				CLANG_WARN__DUPLICATE_METHOD_MATCH = YES;
				COPY_PHASE_STRIP = NO;
				DEBUG_INFORMATION_FORMAT = "dwarf-with-dsym";
				ENABLE_NS_ASSERTIONS = NO;
				ENABLE_STRICT_OBJC_MSGSEND = YES;
				GCC_C_LANGUAGE_STANDARD = gnu11;
				GCC_NO_COMMON_BLOCKS = YES;
				GCC_WARN_64_TO_32_BIT_CONVERSION = YES;
				GCC_WARN_ABOUT_RETURN_TYPE = YES_ERROR;
				GCC_WARN_UNDECLARED_SELECTOR = YES;
				GCC_WARN_UNINITIALIZED_AUTOS = YES_AGGRESSIVE;
				GCC_WARN_UNUSED_FUNCTION = YES;
				GCC_WARN_UNUSED_VARIABLE = YES;
				IPHONEOS_DEPLOYMENT_TARGET = 9.0;
				MTL_ENABLE_DEBUG_INFO = NO;
				MTL_FAST_MATH = YES;
				SDKROOT = iphoneos;
				VALIDATE_PRODUCT = YES;
			};
			name = Release;
		};
		1367DA522574E74300A8C8F9 /* Debug */ = {
			isa = XCBuildConfiguration;
			baseConfigurationReference = 148997D44D4DDBBC73A3E98A /* Pods-MiYu.debug.xcconfig */;
			buildSettings = {
				ASSETCATALOG_COMPILER_APPICON_NAME = AppIcon;
				ASSETCATALOG_COMPILER_GLOBAL_ACCENT_COLOR_NAME = AccentColor;
				CODE_SIGN_ENTITLEMENTS = MiYu.entitlements;
				CODE_SIGN_STYLE = Automatic;
				DEVELOPMENT_TEAM = 42UV2FRKWN;
				GCC_PRECOMPILE_PREFIX_HEADER = YES;
				GCC_PREFIX_HEADER = "$(SRCROOT)/蜜语/Other/PrefixHeader.pch";
				INFOPLIST_FILE = "$(SRCROOT)/蜜语/Resource/Plist/Info.plist";
				IPHONEOS_DEPLOYMENT_TARGET = 9.0;
				LD_RUNPATH_SEARCH_PATHS = (
					"$(inherited)",
					"@executable_path/Frameworks",
				);
				PRODUCT_BUNDLE_IDENTIFIER = com.xiaoaiyd.miyu;
				PRODUCT_NAME = "$(TARGET_NAME)";
				TARGETED_DEVICE_FAMILY = 1;
			};
			name = Debug;
		};
		1367DA532574E74300A8C8F9 /* Release */ = {
			isa = XCBuildConfiguration;
			baseConfigurationReference = DD16217C7CBFF6CCD08E8B33 /* Pods-MiYu.release.xcconfig */;
			buildSettings = {
				ASSETCATALOG_COMPILER_APPICON_NAME = AppIcon;
				ASSETCATALOG_COMPILER_GLOBAL_ACCENT_COLOR_NAME = AccentColor;
				CODE_SIGN_ENTITLEMENTS = MiYu.entitlements;
				CODE_SIGN_STYLE = Automatic;
				DEVELOPMENT_TEAM = 42UV2FRKWN;
				GCC_PRECOMPILE_PREFIX_HEADER = YES;
				GCC_PREFIX_HEADER = "$(SRCROOT)/蜜语/Other/PrefixHeader.pch";
				INFOPLIST_FILE = "$(SRCROOT)/蜜语/Resource/Plist/Info.plist";
				IPHONEOS_DEPLOYMENT_TARGET = 9.0;
				LD_RUNPATH_SEARCH_PATHS = (
					"$(inherited)",
					"@executable_path/Frameworks",
				);
				PRODUCT_BUNDLE_IDENTIFIER = com.xiaoaiyd.miyu;
				PRODUCT_NAME = "$(TARGET_NAME)";
				TARGETED_DEVICE_FAMILY = 1;
			};
			name = Release;
		};
/* End XCBuildConfiguration section */

/* Begin XCConfigurationList section */
		1367DA332574E74100A8C8F9 /* Build configuration list for PBXProject "MiYu" */ = {
			isa = XCConfigurationList;
			buildConfigurations = (
				1367DA4F2574E74300A8C8F9 /* Debug */,
				1367DA502574E74300A8C8F9 /* Release */,
			);
			defaultConfigurationIsVisible = 0;
			defaultConfigurationName = Release;
		};
		1367DA512574E74300A8C8F9 /* Build configuration list for PBXNativeTarget "MiYu" */ = {
			isa = XCConfigurationList;
			buildConfigurations = (
				1367DA522574E74300A8C8F9 /* Debug */,
				1367DA532574E74300A8C8F9 /* Release */,
			);
			defaultConfigurationIsVisible = 0;
			defaultConfigurationName = Release;
		};
/* End XCConfigurationList section */
	};
	rootObject = 1367DA302574E74100A8C8F9 /* Project object */;
}
